
Microsoft Visual Studio Solution File, Format Version 12.00
# Visual Studio Version 16
VisualStudioVersion = 16.0.28711.60
MinimumVisualStudioVersion = 10.0.40219.1
Project("{FAE04EC0-301F-11D3-BF4B-00C04F79EFBC}") = "MissingFilenames", "MissingFilenames\MissingFilenames.csproj", "{833FC807-5B42-424C-919B-168BAD4D44A7}"
EndProject
Global
	GlobalSection(SolutionConfigurationPlatforms) = preSolution
		Debug|Any CPU = Debug|Any CPU
		Release|Any CPU = Release|Any CPU
	EndGlobalSection
	GlobalSection(ProjectConfigurationPlatforms) = postSolution
		{833FC807-5B42-424C-919B-168BAD4D44A7}.Debug|Any CPU.ActiveCfg = Debug|Any CPU
		{833FC807-5B42-424C-919B-168BAD4D44A7}.Debug|Any CPU.Build.0 = Debug|Any CPU
		{833FC807-5B42-424C-919B-168BAD4D44A7}.Release|Any CPU.ActiveCfg = Release|Any CPU
		{833FC807-5B42-424C-919B-168BAD4D44A7}.Release|Any CPU.Build.0 = Release|Any CPU
	EndGlobalSection
	GlobalSection(SolutionProperties) = preSolution
		HideSolutionNode = FALSE
	EndGlobalSection
	GlobalSection(ExtensibilityGlobals) = postSolution
		SolutionGuid = {4F2FF670-4909-49F1-8000-75C3499D70FA}
	EndGlobalSection
EndGlobal
